
Microsoft Visual Studio Solution File, Format Version 12.00
# Visual Studio Version 17
VisualStudioVersion = 17.7.34031.279
MinimumVisualStudioVersion = 10.0.40219.1
Project("{FAE04EC0-301F-11D3-BF4B-00C04F79EFBC}") = "ManavOtomasyonu", "ManavOtomasyonu\ManavOtomasyonu.csproj", "{0A08E68B-ABA5-44A1-B286-F96FF91AF0DB}"
EndProject
Global
	GlobalSection(SolutionConfigurationPlatforms) = preSolution
		Debug|Any CPU = Debug|Any CPU
		Release|Any CPU = Release|Any CPU
	EndGlobalSection
	GlobalSection(ProjectConfigurationPlatforms) = postSolution
		{0A08E68B-ABA5-44A1-B286-F96FF91AF0DB}.Debug|Any CPU.ActiveCfg = Debug|Any CPU
		{0A08E68B-ABA5-44A1-B286-F96FF91AF0DB}.Debug|Any CPU.Build.0 = Debug|Any CPU
		{0A08E68B-ABA5-44A1-B286-F96FF91AF0DB}.Release|Any CPU.ActiveCfg = Release|Any CPU
		{0A08E68B-ABA5-44A1-B286-F96FF91AF0DB}.Release|Any CPU.Build.0 = Release|Any CPU
	EndGlobalSection
	GlobalSection(SolutionProperties) = preSolution
		HideSolutionNode = FALSE
	EndGlobalSection
	GlobalSection(ExtensibilityGlobals) = postSolution
		SolutionGuid = {ECEBE70D-9F22-4FC5-BA3D-01E24A39442B}
	EndGlobalSection
EndGlobal
